// !$*UTF8*$!
{
	archiveVersion = 1;
	classes = {
	};
	objectVersion = 55;
	objects = {

/* Begin PBXBuildFile section */
		2E3F686F2873E4E700FBD5CE /* Learn_SwiftUI_Twitter_CloneApp.swift in Sources */ = {isa = PBXBuildFile; fileRef = 2E3F685F2873E4E300FBD5CE /* Learn_SwiftUI_Twitter_CloneApp.swift */; };
		2E3F68702873E4E700FBD5CE /* Learn_SwiftUI_Twitter_CloneApp.swift in Sources */ = {isa = PBXBuildFile; fileRef = 2E3F685F2873E4E300FBD5CE /* Learn_SwiftUI_Twitter_CloneApp.swift */; };
		2E3F68712873E4E700FBD5CE /* ContentView.swift in Sources */ = {isa = PBXBuildFile; fileRef = 2E3F68602873E4E300FBD5CE /* ContentView.swift */; };
		2E3F68722873E4E700FBD5CE /* ContentView.swift in Sources */ = {isa = PBXBuildFile; fileRef = 2E3F68602873E4E300FBD5CE /* ContentView.swift */; };
		2E3F68732873E4E700FBD5CE /* Assets.xcassets in Resources */ = {isa = PBXBuildFile; fileRef = 2E3F68612873E4E700FBD5CE /* Assets.xcassets */; };
		2E3F68742873E4E700FBD5CE /* Assets.xcassets in Resources */ = {isa = PBXBuildFile; fileRef = 2E3F68612873E4E700FBD5CE /* Assets.xcassets */; };
		2E3F68872873E5CA00FBD5CE /* FeedView.swift in Sources */ = {isa = PBXBuildFile; fileRef = 2E3F68862873E5CA00FBD5CE /* FeedView.swift */; };
		2E3F688A2873E79C00FBD5CE /* TweetRowView.swift in Sources */ = {isa = PBXBuildFile; fileRef = 2E3F68892873E79C00FBD5CE /* TweetRowView.swift */; };
		2E3F688D2873F17100FBD5CE /* MaintabView.swift in Sources */ = {isa = PBXBuildFile; fileRef = 2E3F688C2873F17100FBD5CE /* MaintabView.swift */; };
		2E3F688E2873F17F00FBD5CE /* FeedView.swift in Sources */ = {isa = PBXBuildFile; fileRef = 2E3F68862873E5CA00FBD5CE /* FeedView.swift */; };
		2E3F688F2873F18A00FBD5CE /* MaintabView.swift in Sources */ = {isa = PBXBuildFile; fileRef = 2E3F688C2873F17100FBD5CE /* MaintabView.swift */; };
		2E3F68902873F19000FBD5CE /* TweetRowView.swift in Sources */ = {isa = PBXBuildFile; fileRef = 2E3F68892873E79C00FBD5CE /* TweetRowView.swift */; };
		2E3F68962873F2EF00FBD5CE /* ExploreView.swift in Sources */ = {isa = PBXBuildFile; fileRef = 2E3F68952873F2EF00FBD5CE /* ExploreView.swift */; };
		2E3F68972873F2EF00FBD5CE /* ExploreView.swift in Sources */ = {isa = PBXBuildFile; fileRef = 2E3F68952873F2EF00FBD5CE /* ExploreView.swift */; };
		2E3F68992873F30300FBD5CE /* NotificationsView.swift in Sources */ = {isa = PBXBuildFile; fileRef = 2E3F68982873F30300FBD5CE /* NotificationsView.swift */; };
		2E3F689A2873F30300FBD5CE /* NotificationsView.swift in Sources */ = {isa = PBXBuildFile; fileRef = 2E3F68982873F30300FBD5CE /* NotificationsView.swift */; };
		2E3F689C2873F33100FBD5CE /* MessagesView.swift in Sources */ = {isa = PBXBuildFile; fileRef = 2E3F689B2873F33100FBD5CE /* MessagesView.swift */; };
		2E3F689D2873F33100FBD5CE /* MessagesView.swift in Sources */ = {isa = PBXBuildFile; fileRef = 2E3F689B2873F33100FBD5CE /* MessagesView.swift */; };
		2E3F68A12873F53400FBD5CE /* ProfileView.swift in Sources */ = {isa = PBXBuildFile; fileRef = 2E3F68A02873F53400FBD5CE /* ProfileView.swift */; };
		2E3F68A22873F53400FBD5CE /* ProfileView.swift in Sources */ = {isa = PBXBuildFile; fileRef = 2E3F68A02873F53400FBD5CE /* ProfileView.swift */; };
		2E3F68A4287430AE00FBD5CE /* TweetFilterViewModel.swift in Sources */ = {isa = PBXBuildFile; fileRef = 2E3F68A3287430AE00FBD5CE /* TweetFilterViewModel.swift */; };
		2E3F68A5287430AE00FBD5CE /* TweetFilterViewModel.swift in Sources */ = {isa = PBXBuildFile; fileRef = 2E3F68A3287430AE00FBD5CE /* TweetFilterViewModel.swift */; };
		2E67683D287FD1CA00DA5083 /* UserRowView.swift in Sources */ = {isa = PBXBuildFile; fileRef = 2E67683C287FD1CA00DA5083 /* UserRowView.swift */; };
		2E67683E287FD1CA00DA5083 /* UserRowView.swift in Sources */ = {isa = PBXBuildFile; fileRef = 2E67683C287FD1CA00DA5083 /* UserRowView.swift */; };
/* End PBXBuildFile section */

/* Begin PBXFileReference section */
		2E3F685F2873E4E300FBD5CE /* Learn_SwiftUI_Twitter_CloneApp.swift */ = {isa = PBXFileReference; lastKnownFileType = sourcecode.swift; path = Learn_SwiftUI_Twitter_CloneApp.swift; sourceTree = "<group>"; };
		2E3F68602873E4E300FBD5CE /* ContentView.swift */ = {isa = PBXFileReference; lastKnownFileType = sourcecode.swift; path = ContentView.swift; sourceTree = "<group>"; };
		2E3F68612873E4E700FBD5CE /* Assets.xcassets */ = {isa = PBXFileReference; lastKnownFileType = folder.assetcatalog; path = Assets.xcassets; sourceTree = "<group>"; };
		2E3F68662873E4E700FBD5CE /* Learn-SwiftUI-Twitter-Clone.app */ = {isa = PBXFileReference; explicitFileType = wrapper.application; includeInIndex = 0; path = "Learn-SwiftUI-Twitter-Clone.app"; sourceTree = BUILT_PRODUCTS_DIR; };
		2E3F686C2873E4E700FBD5CE /* Learn-SwiftUI-Twitter-Clone.app */ = {isa = PBXFileReference; explicitFileType = wrapper.application; includeInIndex = 0; path = "Learn-SwiftUI-Twitter-Clone.app"; sourceTree = BUILT_PRODUCTS_DIR; };
		2E3F686E2873E4E700FBD5CE /* macOS.entitlements */ = {isa = PBXFileReference; lastKnownFileType = text.plist.entitlements; path = macOS.entitlements; sourceTree = "<group>"; };
		2E3F68862873E5CA00FBD5CE /* FeedView.swift */ = {isa = PBXFileReference; lastKnownFileType = sourcecode.swift; path = FeedView.swift; sourceTree = "<group>"; };
		2E3F68892873E79C00FBD5CE /* TweetRowView.swift */ = {isa = PBXFileReference; lastKnownFileType = sourcecode.swift; path = TweetRowView.swift; sourceTree = "<group>"; };
		2E3F688C2873F17100FBD5CE /* MaintabView.swift */ = {isa = PBXFileReference; lastKnownFileType = sourcecode.swift; path = MaintabView.swift; sourceTree = "<group>"; };
		2E3F68952873F2EF00FBD5CE /* ExploreView.swift */ = {isa = PBXFileReference; lastKnownFileType = sourcecode.swift; path = ExploreView.swift; sourceTree = "<group>"; };
		2E3F68982873F30300FBD5CE /* NotificationsView.swift */ = {isa = PBXFileReference; lastKnownFileType = sourcecode.swift; path = NotificationsView.swift; sourceTree = "<group>"; };
		2E3F689B2873F33100FBD5CE /* MessagesView.swift */ = {isa = PBXFileReference; lastKnownFileType = sourcecode.swift; path = MessagesView.swift; sourceTree = "<group>"; };
		2E3F68A02873F53400FBD5CE /* ProfileView.swift */ = {isa = PBXFileReference; lastKnownFileType = sourcecode.swift; path = ProfileView.swift; sourceTree = "<group>"; };
		2E3F68A3287430AE00FBD5CE /* TweetFilterViewModel.swift */ = {isa = PBXFileReference; lastKnownFileType = sourcecode.swift; path = TweetFilterViewModel.swift; sourceTree = "<group>"; };
		2E67683C287FD1CA00DA5083 /* UserRowView.swift */ = {isa = PBXFileReference; lastKnownFileType = sourcecode.swift; path = UserRowView.swift; sourceTree = "<group>"; };
/* End PBXFileReference section */

/* Begin PBXFrameworksBuildPhase section */
		2E3F68632873E4E700FBD5CE /* Frameworks */ = {
			isa = PBXFrameworksBuildPhase;
			buildActionMask = 2147483647;
			files = (
			);
			runOnlyForDeploymentPostprocessing = 0;
		};
		2E3F68692873E4E700FBD5CE /* Frameworks */ = {
			isa = PBXFrameworksBuildPhase;
			buildActionMask = 2147483647;
			files = (
			);
			runOnlyForDeploymentPostprocessing = 0;
		};
/* End PBXFrameworksBuildPhase section */

/* Begin PBXGroup section */
		2E3F68592873E4E200FBD5CE = {
			isa = PBXGroup;
			children = (
				2E3F685E2873E4E300FBD5CE /* Shared */,
				2E3F686D2873E4E700FBD5CE /* macOS */,
				2E3F68672873E4E700FBD5CE /* Products */,
			);
			sourceTree = "<group>";
		};
		2E3F685E2873E4E300FBD5CE /* Shared */ = {
			isa = PBXGroup;
			children = (
				2E3F68812873E53B00FBD5CE /* Extensions */,
				2E3F68802873E53700FBD5CE /* Model */,
				2E3F687E2873E51F00FBD5CE /* Service */,
				2E3F687D2873E51800FBD5CE /* Core */,
				2E3F685F2873E4E300FBD5CE /* Learn_SwiftUI_Twitter_CloneApp.swift */,
				2E3F68602873E4E300FBD5CE /* ContentView.swift */,
				2E3F68612873E4E700FBD5CE /* Assets.xcassets */,
			);
			path = Shared;
			sourceTree = "<group>";
		};
		2E3F68672873E4E700FBD5CE /* Products */ = {
			isa = PBXGroup;
			children = (
				2E3F68662873E4E700FBD5CE /* Learn-SwiftUI-Twitter-Clone.app */,
				2E3F686C2873E4E700FBD5CE /* Learn-SwiftUI-Twitter-Clone.app */,
			);
			name = Products;
			sourceTree = "<group>";
		};
		2E3F686D2873E4E700FBD5CE /* macOS */ = {
			isa = PBXGroup;
			children = (
				2E3F686E2873E4E700FBD5CE /* macOS.entitlements */,
			);
			path = macOS;
			sourceTree = "<group>";
		};
		2E3F687D2873E51800FBD5CE /* Core */ = {
			isa = PBXGroup;
			children = (
				2E3F68832873E56800FBD5CE /* Components */,
				2E3F68942873F2BE00FBD5CE /* Profile */,
				2E3F68932873F2B600FBD5CE /* Explore */,
				2E3F68922873F2B000FBD5CE /* Notifications */,
				2E3F68912873F2A800FBD5CE /* Messages */,
				2E3F688B2873F15C00FBD5CE /* MainTab */,
				2E3F68822873E55500FBD5CE /* Feed */,
			);
			path = Core;
			sourceTree = "<group>";
		};
		2E3F687E2873E51F00FBD5CE /* Service */ = {
			isa = PBXGroup;
			children = (
			);
			path = Service;
			sourceTree = "<group>";
		};
		2E3F68802873E53700FBD5CE /* Model */ = {
			isa = PBXGroup;
			children = (
			);
			path = Model;
			sourceTree = "<group>";
		};
		2E3F68812873E53B00FBD5CE /* Extensions */ = {
			isa = PBXGroup;
			children = (
			);
			path = Extensions;
			sourceTree = "<group>";
		};
		2E3F68822873E55500FBD5CE /* Feed */ = {
			isa = PBXGroup;
			children = (
				2E3F68852873E59D00FBD5CE /* ViewModels */,
				2E3F68842873E59400FBD5CE /* Views */,
			);
			path = Feed;
			sourceTree = "<group>";
		};
		2E3F68832873E56800FBD5CE /* Components */ = {
			isa = PBXGroup;
			children = (
				2E67683B287FD1B900DA5083 /* Users */,
				2E3F68882873E76D00FBD5CE /* Tweets */,
			);
			path = Components;
			sourceTree = "<group>";
		};
		2E3F68842873E59400FBD5CE /* Views */ = {
			isa = PBXGroup;
			children = (
				2E3F68862873E5CA00FBD5CE /* FeedView.swift */,
			);
			path = Views;
			sourceTree = "<group>";
		};
		2E3F68852873E59D00FBD5CE /* ViewModels */ = {
			isa = PBXGroup;
			children = (
			);
			path = ViewModels;
			sourceTree = "<group>";
		};
		2E3F68882873E76D00FBD5CE /* Tweets */ = {
			isa = PBXGroup;
			children = (
				2E3F68892873E79C00FBD5CE /* TweetRowView.swift */,
			);
			path = Tweets;
			sourceTree = "<group>";
		};
		2E3F688B2873F15C00FBD5CE /* MainTab */ = {
			isa = PBXGroup;
			children = (
				2E3F688C2873F17100FBD5CE /* MaintabView.swift */,
			);
			path = MainTab;
			sourceTree = "<group>";
		};
		2E3F68912873F2A800FBD5CE /* Messages */ = {
			isa = PBXGroup;
			children = (
				2E3F689B2873F33100FBD5CE /* MessagesView.swift */,
			);
			path = Messages;
			sourceTree = "<group>";
		};
		2E3F68922873F2B000FBD5CE /* Notifications */ = {
			isa = PBXGroup;
			children = (
				2E3F68982873F30300FBD5CE /* NotificationsView.swift */,
			);
			path = Notifications;
			sourceTree = "<group>";
		};
		2E3F68932873F2B600FBD5CE /* Explore */ = {
			isa = PBXGroup;
			children = (
				2E67683A287FD1A000DA5083 /* ViewModel */,
				2E676839287FD19A00DA5083 /* Views */,
			);
			path = Explore;
			sourceTree = "<group>";
		};
		2E3F68942873F2BE00FBD5CE /* Profile */ = {
			isa = PBXGroup;
			children = (
				2E3F689F2873F52100FBD5CE /* ViewModel */,
				2E3F689E2873F51800FBD5CE /* Views */,
			);
			path = Profile;
			sourceTree = "<group>";
		};
		2E3F689E2873F51800FBD5CE /* Views */ = {
			isa = PBXGroup;
			children = (
				2E3F68A02873F53400FBD5CE /* ProfileView.swift */,
			);
			path = Views;
			sourceTree = "<group>";
		};
		2E3F689F2873F52100FBD5CE /* ViewModel */ = {
			isa = PBXGroup;
			children = (
				2E3F68A3287430AE00FBD5CE /* TweetFilterViewModel.swift */,
			);
			path = ViewModel;
			sourceTree = "<group>";
		};
		2E676839287FD19A00DA5083 /* Views */ = {
			isa = PBXGroup;
			children = (
				2E3F68952873F2EF00FBD5CE /* ExploreView.swift */,
			);
			path = Views;
			sourceTree = "<group>";
		};
		2E67683A287FD1A000DA5083 /* ViewModel */ = {
			isa = PBXGroup;
			children = (
			);
			path = ViewModel;
			sourceTree = "<group>";
		};
		2E67683B287FD1B900DA5083 /* Users */ = {
			isa = PBXGroup;
			children = (
				2E67683C287FD1CA00DA5083 /* UserRowView.swift */,
			);
			path = Users;
			sourceTree = "<group>";
		};
/* End PBXGroup section */

/* Begin PBXNativeTarget section */
		2E3F68652873E4E700FBD5CE /* Learn-SwiftUI-Twitter-Clone (iOS) */ = {
			isa = PBXNativeTarget;
			buildConfigurationList = 2E3F68772873E4E700FBD5CE /* Build configuration list for PBXNativeTarget "Learn-SwiftUI-Twitter-Clone (iOS)" */;
			buildPhases = (
				2E3F68622873E4E700FBD5CE /* Sources */,
				2E3F68632873E4E700FBD5CE /* Frameworks */,
				2E3F68642873E4E700FBD5CE /* Resources */,
			);
			buildRules = (
			);
			dependencies = (
			);
			name = "Learn-SwiftUI-Twitter-Clone (iOS)";
			productName = "Learn-SwiftUI-Twitter-Clone (iOS)";
			productReference = 2E3F68662873E4E700FBD5CE /* Learn-SwiftUI-Twitter-Clone.app */;
			productType = "com.apple.product-type.application";
		};
		2E3F686B2873E4E700FBD5CE /* Learn-SwiftUI-Twitter-Clone (macOS) */ = {
			isa = PBXNativeTarget;
			buildConfigurationList = 2E3F687A2873E4E700FBD5CE /* Build configuration list for PBXNativeTarget "Learn-SwiftUI-Twitter-Clone (macOS)" */;
			buildPhases = (
				2E3F68682873E4E700FBD5CE /* Sources */,
				2E3F68692873E4E700FBD5CE /* Frameworks */,
				2E3F686A2873E4E700FBD5CE /* Resources */,
			);
			buildRules = (
			);
			dependencies = (
			);
			name = "Learn-SwiftUI-Twitter-Clone (macOS)";
			productName = "Learn-SwiftUI-Twitter-Clone (macOS)";
			productReference = 2E3F686C2873E4E700FBD5CE /* Learn-SwiftUI-Twitter-Clone.app */;
			productType = "com.apple.product-type.application";
		};
/* End PBXNativeTarget section */

/* Begin PBXProject section */
		2E3F685A2873E4E200FBD5CE /* Project object */ = {
			isa = PBXProject;
			attributes = {
				BuildIndependentTargetsInParallel = 1;
				LastSwiftUpdateCheck = 1340;
				LastUpgradeCheck = 1340;
				TargetAttributes = {
					2E3F68652873E4E700FBD5CE = {
						CreatedOnToolsVersion = 13.4.1;
					};
					2E3F686B2873E4E700FBD5CE = {
						CreatedOnToolsVersion = 13.4.1;
					};
				};
			};
			buildConfigurationList = 2E3F685D2873E4E200FBD5CE /* Build configuration list for PBXProject "Learn-SwiftUI-Twitter-Clone" */;
			compatibilityVersion = "Xcode 13.0";
			developmentRegion = en;
			hasScannedForEncodings = 0;
			knownRegions = (
				en,
				Base,
			);
			mainGroup = 2E3F68592873E4E200FBD5CE;
			productRefGroup = 2E3F68672873E4E700FBD5CE /* Products */;
			projectDirPath = "";
			projectRoot = "";
			targets = (
				2E3F68652873E4E700FBD5CE /* Learn-SwiftUI-Twitter-Clone (iOS) */,
				2E3F686B2873E4E700FBD5CE /* Learn-SwiftUI-Twitter-Clone (macOS) */,
			);
		};
/* End PBXProject section */

/* Begin PBXResourcesBuildPhase section */
		2E3F68642873E4E700FBD5CE /* Resources */ = {
			isa = PBXResourcesBuildPhase;
			buildActionMask = 2147483647;
			files = (
				2E3F68732873E4E700FBD5CE /* Assets.xcassets in Resources */,
			);
			runOnlyForDeploymentPostprocessing = 0;
		};
		2E3F686A2873E4E700FBD5CE /* Resources */ = {
			isa = PBXResourcesBuildPhase;
			buildActionMask = 2147483647;
			files = (
				2E3F68742873E4E700FBD5CE /* Assets.xcassets in Resources */,
			);
			runOnlyForDeploymentPostprocessing = 0;
		};
/* End PBXResourcesBuildPhase section */

/* Begin PBXSourcesBuildPhase section */
		2E3F68622873E4E700FBD5CE /* Sources */ = {
			isa = PBXSourcesBuildPhase;
			buildActionMask = 2147483647;
			files = (
				2E3F689C2873F33100FBD5CE /* MessagesView.swift in Sources */,
				2E3F68A12873F53400FBD5CE /* ProfileView.swift in Sources */,
				2E67683D287FD1CA00DA5083 /* UserRowView.swift in Sources */,
				2E3F68712873E4E700FBD5CE /* ContentView.swift in Sources */,
				2E3F688A2873E79C00FBD5CE /* TweetRowView.swift in Sources */,
				2E3F68A4287430AE00FBD5CE /* TweetFilterViewModel.swift in Sources */,
				2E3F68872873E5CA00FBD5CE /* FeedView.swift in Sources */,
				2E3F688D2873F17100FBD5CE /* MaintabView.swift in Sources */,
				2E3F68962873F2EF00FBD5CE /* ExploreView.swift in Sources */,
				2E3F686F2873E4E700FBD5CE /* Learn_SwiftUI_Twitter_CloneApp.swift in Sources */,
				2E3F68992873F30300FBD5CE /* NotificationsView.swift in Sources */,
			);
			runOnlyForDeploymentPostprocessing = 0;
		};
		2E3F68682873E4E700FBD5CE /* Sources */ = {
			isa = PBXSourcesBuildPhase;
			buildActionMask = 2147483647;
			files = (
				2E3F689D2873F33100FBD5CE /* MessagesView.swift in Sources */,
				2E3F68A22873F53400FBD5CE /* ProfileView.swift in Sources */,
				2E67683E287FD1CA00DA5083 /* UserRowView.swift in Sources */,
				2E3F68902873F19000FBD5CE /* TweetRowView.swift in Sources */,
				2E3F68722873E4E700FBD5CE /* ContentView.swift in Sources */,
				2E3F68A5287430AE00FBD5CE /* TweetFilterViewModel.swift in Sources */,
				2E3F688E2873F17F00FBD5CE /* FeedView.swift in Sources */,
				2E3F68702873E4E700FBD5CE /* Learn_SwiftUI_Twitter_CloneApp.swift in Sources */,
				2E3F68972873F2EF00FBD5CE /* ExploreView.swift in Sources */,
				2E3F688F2873F18A00FBD5CE /* MaintabView.swift in Sources */,
				2E3F689A2873F30300FBD5CE /* NotificationsView.swift in Sources */,
			);
			runOnlyForDeploymentPostprocessing = 0;
		};
/* End PBXSourcesBuildPhase section */

/* Begin XCBuildConfiguration section */
		2E3F68752873E4E700FBD5CE /* Debug */ = {
			isa = XCBuildConfiguration;
			buildSettings = {
				ALWAYS_SEARCH_USER_PATHS = NO;
				CLANG_ANALYZER_NONNULL = YES;
				CLANG_ANALYZER_NUMBER_OBJECT_CONVERSION = YES_AGGRESSIVE;
				CLANG_CXX_LANGUAGE_STANDARD = "gnu++17";
				CLANG_ENABLE_MODULES = YES;
				CLANG_ENABLE_OBJC_ARC = YES;
				CLANG_ENABLE_OBJC_WEAK = YES;
				CLANG_WARN_BLOCK_CAPTURE_AUTORELEASING = YES;
				CLANG_WARN_BOOL_CONVERSION = YES;
				CLANG_WARN_COMMA = YES;
				CLANG_WARN_CONSTANT_CONVERSION = YES;
				CLANG_WARN_DEPRECATED_OBJC_IMPLEMENTATIONS = YES;
				CLANG_WARN_DIRECT_OBJC_ISA_USAGE = YES_ERROR;
				CLANG_WARN_DOCUMENTATION_COMMENTS = YES;
				CLANG_WARN_EMPTY_BODY = YES;
				CLANG_WARN_ENUM_CONVERSION = YES;
				CLANG_WARN_INFINITE_RECURSION = YES;
				CLANG_WARN_INT_CONVERSION = YES;
				CLANG_WARN_NON_LITERAL_NULL_CONVERSION = YES;
				CLANG_WARN_OBJC_IMPLICIT_RETAIN_SELF = YES;
				CLANG_WARN_OBJC_LITERAL_CONVERSION = YES;
				CLANG_WARN_OBJC_ROOT_CLASS = YES_ERROR;
				CLANG_WARN_QUOTED_INCLUDE_IN_FRAMEWORK_HEADER = YES;
				CLANG_WARN_RANGE_LOOP_ANALYSIS = YES;
				CLANG_WARN_STRICT_PROTOTYPES = YES;
				CLANG_WARN_SUSPICIOUS_MOVE = YES;
				CLANG_WARN_UNGUARDED_AVAILABILITY = YES_AGGRESSIVE;
				CLANG_WARN_UNREACHABLE_CODE = YES;
				CLANG_WARN__DUPLICATE_METHOD_MATCH = YES;
				COPY_PHASE_STRIP = NO;
				DEBUG_INFORMATION_FORMAT = dwarf;
				ENABLE_STRICT_OBJC_MSGSEND = YES;
				ENABLE_TESTABILITY = YES;
				GCC_C_LANGUAGE_STANDARD = gnu11;
				GCC_DYNAMIC_NO_PIC = NO;
				GCC_NO_COMMON_BLOCKS = YES;
				GCC_OPTIMIZATION_LEVEL = 0;
				GCC_PREPROCESSOR_DEFINITIONS = (
					"DEBUG=1",
					"$(inherited)",
				);
				GCC_WARN_64_TO_32_BIT_CONVERSION = YES;
				GCC_WARN_ABOUT_RETURN_TYPE = YES_ERROR;
				GCC_WARN_UNDECLARED_SELECTOR = YES;
				GCC_WARN_UNINITIALIZED_AUTOS = YES_AGGRESSIVE;
				GCC_WARN_UNUSED_FUNCTION = YES;
				GCC_WARN_UNUSED_VARIABLE = YES;
				MTL_ENABLE_DEBUG_INFO = INCLUDE_SOURCE;
				MTL_FAST_MATH = YES;
				ONLY_ACTIVE_ARCH = YES;
				SWIFT_ACTIVE_COMPILATION_CONDITIONS = DEBUG;
				SWIFT_OPTIMIZATION_LEVEL = "-Onone";
			};
			name = Debug;
		};
		2E3F68762873E4E700FBD5CE /* Release */ = {
			isa = XCBuildConfiguration;
			buildSettings = {
				ALWAYS_SEARCH_USER_PATHS = NO;
				CLANG_ANALYZER_NONNULL = YES;
				CLANG_ANALYZER_NUMBER_OBJECT_CONVERSION = YES_AGGRESSIVE;
				CLANG_CXX_LANGUAGE_STANDARD = "gnu++17";
				CLANG_ENABLE_MODULES = YES;
				CLANG_ENABLE_OBJC_ARC = YES;
				CLANG_ENABLE_OBJC_WEAK = YES;
				CLANG_WARN_BLOCK_CAPTURE_AUTORELEASING = YES;
				CLANG_WARN_BOOL_CONVERSION = YES;
				CLANG_WARN_COMMA = YES;
				CLANG_WARN_CONSTANT_CONVERSION = YES;
				CLANG_WARN_DEPRECATED_OBJC_IMPLEMENTATIONS = YES;
				CLANG_WARN_DIRECT_OBJC_ISA_USAGE = YES_ERROR;
				CLANG_WARN_DOCUMENTATION_COMMENTS = YES;
				CLANG_WARN_EMPTY_BODY = YES;
				CLANG_WARN_ENUM_CONVERSION = YES;
				CLANG_WARN_INFINITE_RECURSION = YES;
				CLANG_WARN_INT_CONVERSION = YES;
				CLANG_WARN_NON_LITERAL_NULL_CONVERSION = YES;
				CLANG_WARN_OBJC_IMPLICIT_RETAIN_SELF = YES;
				CLANG_WARN_OBJC_LITERAL_CONVERSION = YES;
				CLANG_WARN_OBJC_ROOT_CLASS = YES_ERROR;
				CLANG_WARN_QUOTED_INCLUDE_IN_FRAMEWORK_HEADER = YES;
				CLANG_WARN_RANGE_LOOP_ANALYSIS = YES;
				CLANG_WARN_STRICT_PROTOTYPES = YES;
				CLANG_WARN_SUSPICIOUS_MOVE = YES;
				CLANG_WARN_UNGUARDED_AVAILABILITY = YES_AGGRESSIVE;
				CLANG_WARN_UNREACHABLE_CODE = YES;
				CLANG_WARN__DUPLICATE_METHOD_MATCH = YES;
				COPY_PHASE_STRIP = NO;
				DEBUG_INFORMATION_FORMAT = "dwarf-with-dsym";
				ENABLE_NS_ASSERTIONS = NO;
				ENABLE_STRICT_OBJC_MSGSEND = YES;
				GCC_C_LANGUAGE_STANDARD = gnu11;
				GCC_NO_COMMON_BLOCKS = YES;
				GCC_WARN_64_TO_32_BIT_CONVERSION = YES;
				GCC_WARN_ABOUT_RETURN_TYPE = YES_ERROR;
				GCC_WARN_UNDECLARED_SELECTOR = YES;
				GCC_WARN_UNINITIALIZED_AUTOS = YES_AGGRESSIVE;
				GCC_WARN_UNUSED_FUNCTION = YES;
				GCC_WARN_UNUSED_VARIABLE = YES;
				MTL_ENABLE_DEBUG_INFO = NO;
				MTL_FAST_MATH = YES;
				SWIFT_COMPILATION_MODE = wholemodule;
				SWIFT_OPTIMIZATION_LEVEL = "-O";
			};
			name = Release;
		};
		2E3F68782873E4E700FBD5CE /* Debug */ = {
			isa = XCBuildConfiguration;
			buildSettings = {
				ASSETCATALOG_COMPILER_APPICON_NAME = AppIcon;
				ASSETCATALOG_COMPILER_GLOBAL_ACCENT_COLOR_NAME = AccentColor;
				CODE_SIGN_STYLE = Automatic;
				CURRENT_PROJECT_VERSION = 1;
				DEVELOPMENT_TEAM = ZGKWMC3UA4;
				ENABLE_PREVIEWS = YES;
				GENERATE_INFOPLIST_FILE = YES;
				INFOPLIST_KEY_UIApplicationSceneManifest_Generation = YES;
				INFOPLIST_KEY_UIApplicationSupportsIndirectInputEvents = YES;
				INFOPLIST_KEY_UILaunchScreen_Generation = YES;
				INFOPLIST_KEY_UISupportedInterfaceOrientations_iPad = "UIInterfaceOrientationPortrait UIInterfaceOrientationPortraitUpsideDown UIInterfaceOrientationLandscapeLeft UIInterfaceOrientationLandscapeRight";
				INFOPLIST_KEY_UISupportedInterfaceOrientations_iPhone = "UIInterfaceOrientationPortrait UIInterfaceOrientationLandscapeLeft UIInterfaceOrientationLandscapeRight";
				IPHONEOS_DEPLOYMENT_TARGET = 15.5;
				LD_RUNPATH_SEARCH_PATHS = (
					"$(inherited)",
					"@executable_path/Frameworks",
				);
				MARKETING_VERSION = 1.0;
				PRODUCT_BUNDLE_IDENTIFIER = "com.thienvule.Learn-SwiftUI-Twitter-Clone";
				PRODUCT_NAME = "Learn-SwiftUI-Twitter-Clone";
				SDKROOT = iphoneos;
				SWIFT_EMIT_LOC_STRINGS = YES;
				SWIFT_VERSION = 5.0;
				TARGETED_DEVICE_FAMILY = "1,2";
			};
			name = Debug;
		};
		2E3F68792873E4E700FBD5CE /* Release */ = {
			isa = XCBuildConfiguration;
			buildSettings = {
				ASSETCATALOG_COMPILER_APPICON_NAME = AppIcon;
				ASSETCATALOG_COMPILER_GLOBAL_ACCENT_COLOR_NAME = AccentColor;
				CODE_SIGN_STYLE = Automatic;
				CURRENT_PROJECT_VERSION = 1;
				DEVELOPMENT_TEAM = ZGKWMC3UA4;
				ENABLE_PREVIEWS = YES;
				GENERATE_INFOPLIST_FILE = YES;
				INFOPLIST_KEY_UIApplicationSceneManifest_Generation = YES;
				INFOPLIST_KEY_UIApplicationSupportsIndirectInputEvents = YES;
				INFOPLIST_KEY_UILaunchScreen_Generation = YES;
				INFOPLIST_KEY_UISupportedInterfaceOrientations_iPad = "UIInterfaceOrientationPortrait UIInterfaceOrientationPortraitUpsideDown UIInterfaceOrientationLandscapeLeft UIInterfaceOrientationLandscapeRight";
				INFOPLIST_KEY_UISupportedInterfaceOrientations_iPhone = "UIInterfaceOrientationPortrait UIInterfaceOrientationLandscapeLeft UIInterfaceOrientationLandscapeRight";
				IPHONEOS_DEPLOYMENT_TARGET = 15.5;
				LD_RUNPATH_SEARCH_PATHS = (
					"$(inherited)",
					"@executable_path/Frameworks",
				);
				MARKETING_VERSION = 1.0;
				PRODUCT_BUNDLE_IDENTIFIER = "com.thienvule.Learn-SwiftUI-Twitter-Clone";
				PRODUCT_NAME = "Learn-SwiftUI-Twitter-Clone";
				SDKROOT = iphoneos;
				SWIFT_EMIT_LOC_STRINGS = YES;
				SWIFT_VERSION = 5.0;
				TARGETED_DEVICE_FAMILY = "1,2";
				VALIDATE_PRODUCT = YES;
			};
			name = Release;
		};
		2E3F687B2873E4E700FBD5CE /* Debug */ = {
			isa = XCBuildConfiguration;
			buildSettings = {
				ASSETCATALOG_COMPILER_APPICON_NAME = AppIcon;
				ASSETCATALOG_COMPILER_GLOBAL_ACCENT_COLOR_NAME = AccentColor;
				CODE_SIGN_ENTITLEMENTS = macOS/macOS.entitlements;
				CODE_SIGN_STYLE = Automatic;
				COMBINE_HIDPI_IMAGES = YES;
				CURRENT_PROJECT_VERSION = 1;
				DEVELOPMENT_TEAM = ZGKWMC3UA4;
				ENABLE_HARDENED_RUNTIME = YES;
				ENABLE_PREVIEWS = YES;
				GENERATE_INFOPLIST_FILE = YES;
				INFOPLIST_KEY_NSHumanReadableCopyright = "";
				LD_RUNPATH_SEARCH_PATHS = (
					"$(inherited)",
					"@executable_path/../Frameworks",
				);
				MACOSX_DEPLOYMENT_TARGET = 12.3;
				MARKETING_VERSION = 1.0;
				PRODUCT_BUNDLE_IDENTIFIER = "com.thienvule.Learn-SwiftUI-Twitter-Clone";
				PRODUCT_NAME = "Learn-SwiftUI-Twitter-Clone";
				SDKROOT = macosx;
				SWIFT_EMIT_LOC_STRINGS = YES;
				SWIFT_VERSION = 5.0;
			};
			name = Debug;
		};
		2E3F687C2873E4E700FBD5CE /* Release */ = {
			isa = XCBuildConfiguration;
			buildSettings = {
				ASSETCATALOG_COMPILER_APPICON_NAME = AppIcon;
				ASSETCATALOG_COMPILER_GLOBAL_ACCENT_COLOR_NAME = AccentColor;
				CODE_SIGN_ENTITLEMENTS = macOS/macOS.entitlements;
				CODE_SIGN_STYLE = Automatic;
				COMBINE_HIDPI_IMAGES = YES;
				CURRENT_PROJECT_VERSION = 1;
				DEVELOPMENT_TEAM = ZGKWMC3UA4;
				ENABLE_HARDENED_RUNTIME = YES;
				ENABLE_PREVIEWS = YES;
				GENERATE_INFOPLIST_FILE = YES;
				INFOPLIST_KEY_NSHumanReadableCopyright = "";
				LD_RUNPATH_SEARCH_PATHS = (
					"$(inherited)",
					"@executable_path/../Frameworks",
				);
				MACOSX_DEPLOYMENT_TARGET = 12.3;
				MARKETING_VERSION = 1.0;
				PRODUCT_BUNDLE_IDENTIFIER = "com.thienvule.Learn-SwiftUI-Twitter-Clone";
				PRODUCT_NAME = "Learn-SwiftUI-Twitter-Clone";
				SDKROOT = macosx;
				SWIFT_EMIT_LOC_STRINGS = YES;
				SWIFT_VERSION = 5.0;
			};
			name = Release;
		};
/* End XCBuildConfiguration section */

/* Begin XCConfigurationList section */
		2E3F685D2873E4E200FBD5CE /* Build configuration list for PBXProject "Learn-SwiftUI-Twitter-Clone" */ = {
			isa = XCConfigurationList;
			buildConfigurations = (
				2E3F68752873E4E700FBD5CE /* Debug */,
				2E3F68762873E4E700FBD5CE /* Release */,
			);
			defaultConfigurationIsVisible = 0;
			defaultConfigurationName = Release;
		};
		2E3F68772873E4E700FBD5CE /* Build configuration list for PBXNativeTarget "Learn-SwiftUI-Twitter-Clone (iOS)" */ = {
			isa = XCConfigurationList;
			buildConfigurations = (
				2E3F68782873E4E700FBD5CE /* Debug */,
				2E3F68792873E4E700FBD5CE /* Release */,
			);
			defaultConfigurationIsVisible = 0;
			defaultConfigurationName = Release;
		};
		2E3F687A2873E4E700FBD5CE /* Build configuration list for PBXNativeTarget "Learn-SwiftUI-Twitter-Clone (macOS)" */ = {
			isa = XCConfigurationList;
			buildConfigurations = (
				2E3F687B2873E4E700FBD5CE /* Debug */,
				2E3F687C2873E4E700FBD5CE /* Release */,
			);
			defaultConfigurationIsVisible = 0;
			defaultConfigurationName = Release;
		};
/* End XCConfigurationList section */
	};
	rootObject = 2E3F685A2873E4E200FBD5CE /* Project object */;
}
